
Microsoft Visual Studio Solution File, Format Version 12.00
# Visual Studio Version 16
VisualStudioVersion = 16.0.29025.244
MinimumVisualStudioVersion = 10.0.40219.1
Project("{FAE04EC0-301F-11D3-BF4B-00C04F79EFBC}") = "MyConsole", "MyConsole\MyConsole.csproj", "{E4055096-6D82-40B6-9A5C-8DF5098A5C43}"
EndProject
Project("{FAE04EC0-301F-11D3-BF4B-00C04F79EFBC}") = "MyDll", "MyDll\MyDll.csproj", "{C6682B9C-A798-407B-A7A9-B9EE03191B59}"
EndProject
Global
	GlobalSection(SolutionConfigurationPlatforms) = preSolution
		Debug|Any CPU = Debug|Any CPU
		Release|Any CPU = Release|Any CPU
	EndGlobalSection
	GlobalSection(ProjectConfigurationPlatforms) = postSolution
		{E4055096-6D82-40B6-9A5C-8DF5098A5C43}.Debug|Any CPU.ActiveCfg = Debug|Any CPU
		{E4055096-6D82-40B6-9A5C-8DF5098A5C43}.Debug|Any CPU.Build.0 = Debug|Any CPU
		{E4055096-6D82-40B6-9A5C-8DF5098A5C43}.Release|Any CPU.ActiveCfg = Release|Any CPU
		{E4055096-6D82-40B6-9A5C-8DF5098A5C43}.Release|Any CPU.Build.0 = Release|Any CPU
		{C6682B9C-A798-407B-A7A9-B9EE03191B59}.Debug|Any CPU.ActiveCfg = Debug|Any CPU
		{C6682B9C-A798-407B-A7A9-B9EE03191B59}.Debug|Any CPU.Build.0 = Debug|Any CPU
		{C6682B9C-A798-407B-A7A9-B9EE03191B59}.Release|Any CPU.ActiveCfg = Release|Any CPU
		{C6682B9C-A798-407B-A7A9-B9EE03191B59}.Release|Any CPU.Build.0 = Release|Any CPU
	EndGlobalSection
	GlobalSection(SolutionProperties) = preSolution
		HideSolutionNode = FALSE
	EndGlobalSection
	GlobalSection(ExtensibilityGlobals) = postSolution
		SolutionGuid = {4D5EDCD1-E715-4587-B0F1-372E3F00BD14}
	EndGlobalSection
EndGlobal
